
Microsoft Visual Studio Solution File, Format Version 12.00
# Visual Studio Express 2013 for Windows Desktop
VisualStudioVersion = 12.0.30723.0
MinimumVisualStudioVersion = 10.0.40219.1
Project("{F184B08F-C81C-45F6-A57F-5ABD9991F28F}") = "Lesson01", "Lesson01\Lesson01.vbproj", "{667A7A2F-20F2-4E4A-862B-0EE18FA2E8B1}"
EndProject
Project("{F184B08F-C81C-45F6-A57F-5ABD9991F28F}") = "Lesson02", "Lesson02\Lesson02.vbproj", "{75869E70-8937-45F2-A214-77B958E7A2E2}"
EndProject
Project("{F184B08F-C81C-45F6-A57F-5ABD9991F28F}") = "Lesson03", "Lesson03\Lesson03.vbproj", "{071A429B-6681-48A9-A0D9-7A58AAC11102}"
EndProject
Project("{F184B08F-C81C-45F6-A57F-5ABD9991F28F}") = "Lesson04", "Lesson04\Lesson04.vbproj", "{68E32E75-F9B3-4AD8-B3C1-7D5058F77417}"
EndProject
Global
	GlobalSection(SolutionConfigurationPlatforms) = preSolution
		Debug|Any CPU = Debug|Any CPU
		Release|Any CPU = Release|Any CPU
	EndGlobalSection
	GlobalSection(ProjectConfigurationPlatforms) = postSolution
		{667A7A2F-20F2-4E4A-862B-0EE18FA2E8B1}.Debug|Any CPU.ActiveCfg = Debug|Any CPU
		{667A7A2F-20F2-4E4A-862B-0EE18FA2E8B1}.Debug|Any CPU.Build.0 = Debug|Any CPU
		{667A7A2F-20F2-4E4A-862B-0EE18FA2E8B1}.Release|Any CPU.ActiveCfg = Release|Any CPU
		{667A7A2F-20F2-4E4A-862B-0EE18FA2E8B1}.Release|Any CPU.Build.0 = Release|Any CPU
		{75869E70-8937-45F2-A214-77B958E7A2E2}.Debug|Any CPU.ActiveCfg = Debug|Any CPU
		{75869E70-8937-45F2-A214-77B958E7A2E2}.Debug|Any CPU.Build.0 = Debug|Any CPU
		{75869E70-8937-45F2-A214-77B958E7A2E2}.Release|Any CPU.ActiveCfg = Release|Any CPU
		{75869E70-8937-45F2-A214-77B958E7A2E2}.Release|Any CPU.Build.0 = Release|Any CPU
		{071A429B-6681-48A9-A0D9-7A58AAC11102}.Debug|Any CPU.ActiveCfg = Debug|Any CPU
		{071A429B-6681-48A9-A0D9-7A58AAC11102}.Debug|Any CPU.Build.0 = Debug|Any CPU
		{071A429B-6681-48A9-A0D9-7A58AAC11102}.Release|Any CPU.ActiveCfg = Release|Any CPU
		{071A429B-6681-48A9-A0D9-7A58AAC11102}.Release|Any CPU.Build.0 = Release|Any CPU
		{68E32E75-F9B3-4AD8-B3C1-7D5058F77417}.Debug|Any CPU.ActiveCfg = Debug|Any CPU
		{68E32E75-F9B3-4AD8-B3C1-7D5058F77417}.Debug|Any CPU.Build.0 = Debug|Any CPU
		{68E32E75-F9B3-4AD8-B3C1-7D5058F77417}.Release|Any CPU.ActiveCfg = Release|Any CPU
		{68E32E75-F9B3-4AD8-B3C1-7D5058F77417}.Release|Any CPU.Build.0 = Release|Any CPU
	EndGlobalSection
	GlobalSection(SolutionProperties) = preSolution
		HideSolutionNode = FALSE
	EndGlobalSection
EndGlobal
